
Microsoft Visual Studio Solution File, Format Version 12.00
# Visual Studio Version 17
VisualStudioVersion = 17.9.34616.47
MinimumVisualStudioVersion = 10.0.40219.1
Project("{FAE04EC0-301F-11D3-BF4B-00C04F79EFBC}") = "Running Balance in Crystal Report", "Running Balance in Crystal Report\Running Balance in Crystal Report.csproj", "{8A6E4382-7589-47AB-8766-88632918AC3B}"
EndProject
Global
	GlobalSection(SolutionConfigurationPlatforms) = preSolution
		Debug|Any CPU = Debug|Any CPU
		Release|Any CPU = Release|Any CPU
	EndGlobalSection
	GlobalSection(ProjectConfigurationPlatforms) = postSolution
		{8A6E4382-7589-47AB-8766-88632918AC3B}.Debug|Any CPU.ActiveCfg = Debug|Any CPU
		{8A6E4382-7589-47AB-8766-88632918AC3B}.Debug|Any CPU.Build.0 = Debug|Any CPU
		{8A6E4382-7589-47AB-8766-88632918AC3B}.Release|Any CPU.ActiveCfg = Release|Any CPU
		{8A6E4382-7589-47AB-8766-88632918AC3B}.Release|Any CPU.Build.0 = Release|Any CPU
	EndGlobalSection
	GlobalSection(SolutionProperties) = preSolution
		HideSolutionNode = FALSE
	EndGlobalSection
	GlobalSection(ExtensibilityGlobals) = postSolution
		SolutionGuid = {F16D366B-577C-4D2E-A414-DF78BDD219E0}
	EndGlobalSection
EndGlobal
